
Microsoft Visual Studio Solution File, Format Version 12.00
# Visual Studio Version 16
VisualStudioVersion = 16.0.31624.102
MinimumVisualStudioVersion = 10.0.40219.1
Project("{8BC9CEB8-8B4A-11D0-8D11-00A0C91BC942}") = "PKR - 5.2B", "PKR - 5.2B.vcxproj", "{1463205C-76C4-4F57-8077-50560303FEE6}"
EndProject
Project("{8BC9CEB8-8B4A-11D0-8D11-00A0C91BC942}") = "UnitTest1", "..\UnitTest1\UnitTest1.vcxproj", "{45E0830C-DD71-4864-BFBA-CD3F948204ED}"
EndProject
Global
	GlobalSection(SolutionConfigurationPlatforms) = preSolution
		Debug|x64 = Debug|x64
		Debug|x86 = Debug|x86
		Release|x64 = Release|x64
		Release|x86 = Release|x86
	EndGlobalSection
	GlobalSection(ProjectConfigurationPlatforms) = postSolution
		{1463205C-76C4-4F57-8077-50560303FEE6}.Debug|x64.ActiveCfg = Debug|x64
		{1463205C-76C4-4F57-8077-50560303FEE6}.Debug|x64.Build.0 = Debug|x64
		{1463205C-76C4-4F57-8077-50560303FEE6}.Debug|x86.ActiveCfg = Debug|Win32
		{1463205C-76C4-4F57-8077-50560303FEE6}.Debug|x86.Build.0 = Debug|Win32
		{1463205C-76C4-4F57-8077-50560303FEE6}.Release|x64.ActiveCfg = Release|x64
		{1463205C-76C4-4F57-8077-50560303FEE6}.Release|x64.Build.0 = Release|x64
		{1463205C-76C4-4F57-8077-50560303FEE6}.Release|x86.ActiveCfg = Release|Win32
		{1463205C-76C4-4F57-8077-50560303FEE6}.Release|x86.Build.0 = Release|Win32
		{45E0830C-DD71-4864-BFBA-CD3F948204ED}.Debug|x64.ActiveCfg = Debug|x64
		{45E0830C-DD71-4864-BFBA-CD3F948204ED}.Debug|x64.Build.0 = Debug|x64
		{45E0830C-DD71-4864-BFBA-CD3F948204ED}.Debug|x86.ActiveCfg = Debug|Win32
		{45E0830C-DD71-4864-BFBA-CD3F948204ED}.Debug|x86.Build.0 = Debug|Win32
		{45E0830C-DD71-4864-BFBA-CD3F948204ED}.Release|x64.ActiveCfg = Release|x64
		{45E0830C-DD71-4864-BFBA-CD3F948204ED}.Release|x64.Build.0 = Release|x64
		{45E0830C-DD71-4864-BFBA-CD3F948204ED}.Release|x86.ActiveCfg = Release|Win32
		{45E0830C-DD71-4864-BFBA-CD3F948204ED}.Release|x86.Build.0 = Release|Win32
	EndGlobalSection
	GlobalSection(SolutionProperties) = preSolution
		HideSolutionNode = FALSE
	EndGlobalSection
	GlobalSection(ExtensibilityGlobals) = postSolution
		SolutionGuid = {6834D906-47CC-45CA-A0CA-BB2D32E366F6}
	EndGlobalSection
EndGlobal
